%{"base64url": {:hex, :base64url, "0.0.1", "36a90125f5948e3afd7be97662a1504b934dd5dac78451ca6e9abf85a10286be", [:rebar], []},
  "chatterbox": {:hex, :chatterbox, "0.4.2", "ba68296fa79f0ca31139713c688c350a26c8844e1244f1736d7845c1c72e5f87", [:rebar3], [{:hpack, "~>0.2.3", [hex: :hpack_erl, optional: false]}, {:lager, "~>3.2.4", [hex: :lager, optional: false]}]},
  "goldrush": {:hex, :goldrush, "0.1.9", "f06e5d5f1277da5c413e84d5a2924174182fb108dabb39d5ec548b27424cd106", [:rebar3], []},
  "hpack": {:hex, :hpack_erl, "0.2.3", "17670f83ff984ae6cd74b1c456edde906d27ff013740ee4d9efaa4f1bf999633", [:rebar3], []},
  "httpotion": {:hex, :httpotion, "3.0.2", "525b9bfeb592c914a61a8ee31fdde3871e1861dfe805f8ee5f711f9f11a93483", [:mix], [{:ibrowse, "~> 4.2", [hex: :ibrowse, optional: false]}]},
  "ibrowse": {:hex, :ibrowse, "4.4.0", "2d923325efe0d2cb09b9c6a047b2835a5eda69d8a47ed6ff8bc03628b764e991", [:rebar3], []},
  "joken": {:hex, :joken, "1.4.1", "16b87dcbad59dfb1e75231b9d6e504d852ce11f849efb7150a41dcad29dba8e1", [:mix], [{:jose, "~> 1.8", [hex: :jose, optional: false]}, {:plug, "~> 1.0", [hex: :plug, optional: true]}, {:poison, "~> 1.5 or ~> 2.0 or ~> 3.0", [hex: :poison, optional: true]}]},
  "jose": {:hex, :jose, "1.8.3", "1285151e6f3b70aa8b60c27801aed6d20f7bb9e87116fd7d1e405ea450549aad", [:mix, :rebar3], [{:base64url, "~> 0.0.1", [hex: :base64url, optional: false]}]},
  "kadabra": {:hex, :kadabra, "0.2.0", "35fbfd90cbf27f541e06181c3a5383d8454cd799916a5f98bb789f1c2ac37ca0", [:mix], [{:hpack, "~> 0.2.3", [hex: :hpack_erl, optional: false]}, {:scribe, "~> 0.4", [hex: :scribe, optional: false]}]},
  "lager": {:hex, :lager, "3.2.4", "a6deb74dae7927f46bd13255268308ef03eb206ec784a94eaf7c1c0f3b811615", [:rebar3], [{:goldrush, "0.1.9", [hex: :goldrush, optional: false]}]},
  "pane": {:hex, :pane, "0.1.1", "4a9b46957a02991acbce012169ab7e8ecff74ad24886f94b142680062b10f167", [:mix], []},
  "poison": {:hex, :poison, "2.2.0", "4763b69a8a77bd77d26f477d196428b741261a761257ff1cf92753a0d4d24a63", [:mix], []},
  "scribe": {:hex, :scribe, "0.5.0", "1fe6dfffc4264a39633c1bd3fc9ce8377546974c40c7cd2a06194b2c2e91bba0", [:mix], [{:pane, "~> 0.1", [hex: :pane, optional: false]}]}}
