%{
  "base64url": {:hex, :base64url, "0.0.1", "36a90125f5948e3afd7be97662a1504b934dd5dac78451ca6e9abf85a10286be", [:rebar], [], "hexpm", "fab09b20e3f5db886725544cbcf875b8e73ec93363954eb8a1a9ed834aa8c1f9"},
  "certifi": {:hex, :certifi, "2.11.0", "5adfe37ceb8569d019f836944aeaf27f8ac391dacaf3707f570c155b7e03aaa8", [:rebar3], [], "hexpm", "9e37e0542ec3fabaa19a0734b3900dc095797fac48c40a2a9741d8ad5e3c9bb7"},
  "chatterbox": {:hex, :chatterbox, "0.4.2", "ba68296fa79f0ca31139713c688c350a26c8844e1244f1736d7845c1c72e5f87", [:rebar3], [{:hpack, "~>0.2.3", [hex: :hpack_erl, optional: false]}, {:lager, "~>3.2.4", [hex: :lager, optional: false]}]},
  "goldrush": {:hex, :goldrush, "0.1.9", "f06e5d5f1277da5c413e84d5a2924174182fb108dabb39d5ec548b27424cd106", [:rebar3], []},
  "hpack": {:hex, :hpack_erl, "0.2.3", "17670f83ff984ae6cd74b1c456edde906d27ff013740ee4d9efaa4f1bf999633", [:rebar3], [], "hexpm", "06f580167c4b8b8a6429040df36cc93bba6d571faeaec1b28816523379cbb23a"},
  "ibrowse": {:hex, :ibrowse, "4.4.0", "2d923325efe0d2cb09b9c6a047b2835a5eda69d8a47ed6ff8bc03628b764e991", [:rebar3], []},
  "joken": {:hex, :joken, "2.4.1", "63a6e47aaf735637879f31babfad93c936d63b8b7d01c5ef44c7f37689e71ab4", [:mix], [{:jose, "~> 1.11.2", [hex: :jose, repo: "hexpm", optional: false]}], "hexpm", "d4fc7c703112b2dedc4f9ec214856c3a07108c4835f0f174a369521f289c98d1"},
  "jose": {:hex, :jose, "1.11.2", "f4c018ccf4fdce22c71e44d471f15f723cb3efab5d909ab2ba202b5bf35557b3", [:mix, :rebar3], [], "hexpm", "98143fbc48d55f3a18daba82d34fe48959d44538e9697c08f34200fa5f0947d2"},
  "kadabra": {:hex, :kadabra, "0.6.0", "8d8de886802f38d86d2c250eb9416e3208b5e4b78ce8409b40b4d57f21d21fc9", [:mix], [{:certifi, "~> 2.5", [hex: :certifi, repo: "hexpm", optional: false]}, {:hpack, "~> 0.2.3", [hex: :hpack_erl, repo: "hexpm", optional: false]}], "hexpm", "0cdaf72fc6205cba62da9e49ee6b24b7c50adb6d9f8b0e92b4b1847959371403"},
  "lager": {:hex, :lager, "3.2.4", "a6deb74dae7927f46bd13255268308ef03eb206ec784a94eaf7c1c0f3b811615", [:rebar3], [{:goldrush, "0.1.9", [hex: :goldrush, optional: false]}]},
  "pane": {:hex, :pane, "0.3.0", "7b028e2aa8f004b62a965de983d824ad20d94f3c9c82b2bb4a9cdcebeb9e7060", [:mix], [], "hexpm", "b7a98234bd8b79a77c6ce491be7ce4220689eba67a89373e20b6cb5da08a49c3"},
  "poison": {:hex, :poison, "2.2.0", "4763b69a8a77bd77d26f477d196428b741261a761257ff1cf92753a0d4d24a63", [:mix], [], "hexpm", "519bc209e4433961284174c497c8524c001e285b79bdf80212b47a1f898084cc"},
  "scribe": {:hex, :scribe, "0.10.0", "90e61b21fee884f58b955d1f45d7fa3e75f161ecb62bad8af6087aef3955c74f", [:mix], [{:pane, "~> 0.2", [hex: :pane, repo: "hexpm", optional: false]}], "hexpm", "3829da9c6a28b2105f0ec50e40f447bf768fb7d96717fbfceb602573f1a3c62e"},
}
